
Microsoft Visual Studio Solution File, Format Version 12.00
# Visual Studio 2012
Project("{FAE04EC0-301F-11D3-BF4B-00C04F79EFBC}") = "QLThuVien V.2", "QLThuVien V.2\QLThuVien V.2.csproj", "{00ADC96E-322B-4998-A6CD-A8B054C7CEF8}"
EndProject
Global
	GlobalSection(SolutionConfigurationPlatforms) = preSolution
		Debug|Any CPU = Debug|Any CPU
		Release|Any CPU = Release|Any CPU
	EndGlobalSection
	GlobalSection(ProjectConfigurationPlatforms) = postSolution
		{00ADC96E-322B-4998-A6CD-A8B054C7CEF8}.Debug|Any CPU.ActiveCfg = Debug|Any CPU
		{00ADC96E-322B-4998-A6CD-A8B054C7CEF8}.Debug|Any CPU.Build.0 = Debug|Any CPU
		{00ADC96E-322B-4998-A6CD-A8B054C7CEF8}.Release|Any CPU.ActiveCfg = Release|Any CPU
		{00ADC96E-322B-4998-A6CD-A8B054C7CEF8}.Release|Any CPU.Build.0 = Release|Any CPU
	EndGlobalSection
	GlobalSection(SolutionProperties) = preSolution
		HideSolutionNode = FALSE
	EndGlobalSection
EndGlobal
